
Microsoft Visual Studio Solution File, Format Version 12.00
# Visual Studio Version 16
VisualStudioVersion = 16.0.30804.86
MinimumVisualStudioVersion = 10.0.40219.1
Project("{2150E333-8FDC-42A3-9474-1A3956D46DE8}") = "Tests", "Tests", "{A9DCEFFC-5912-439A-850D-2B2FEA991F0F}"
EndProject
Project("{FAE04EC0-301F-11D3-BF4B-00C04F79EFBC}") = "ConvertTheFuck", "ConvertTheFuck\ConvertTheFuck.csproj", "{EFA32D77-8698-4A7F-848A-1E0357BAD979}"
EndProject
Project("{FAE04EC0-301F-11D3-BF4B-00C04F79EFBC}") = "WaveSabreConvert", "WaveSabreConvert\WaveSabreConvert.csproj", "{F97425C7-8471-47AD-B398-EC5F37E848FC}"
EndProject
Project("{FAE04EC0-301F-11D3-BF4B-00C04F79EFBC}") = "WaveSabreConvertTests", "Tests\WaveSabreConvertTests\WaveSabreConvertTests.csproj", "{8B9012F8-7E9F-49F0-A660-0BA6EA0D9957}"
EndProject
Project("{FAE04EC0-301F-11D3-BF4B-00C04F79EFBC}") = "ProjectManager", "ProjectManager\ProjectManager.csproj", "{F73B546B-BC44-47A7-B808-4C8699835CB0}"
EndProject
Global
	GlobalSection(SolutionConfigurationPlatforms) = preSolution
		Debug|Any CPU = Debug|Any CPU
		Debug|Mixed Platforms = Debug|Mixed Platforms
		Debug|Win32 = Debug|Win32
		Debug|x64 = Debug|x64
		Release|Any CPU = Release|Any CPU
		Release|Mixed Platforms = Release|Mixed Platforms
		Release|Win32 = Release|Win32
		Release|x64 = Release|x64
	EndGlobalSection
	GlobalSection(ProjectConfigurationPlatforms) = postSolution
		{EFA32D77-8698-4A7F-848A-1E0357BAD979}.Debug|Any CPU.ActiveCfg = Debug|Any CPU
		{EFA32D77-8698-4A7F-848A-1E0357BAD979}.Debug|Any CPU.Build.0 = Debug|Any CPU
		{EFA32D77-8698-4A7F-848A-1E0357BAD979}.Debug|Mixed Platforms.ActiveCfg = Debug|Any CPU
		{EFA32D77-8698-4A7F-848A-1E0357BAD979}.Debug|Mixed Platforms.Build.0 = Debug|Any CPU
		{EFA32D77-8698-4A7F-848A-1E0357BAD979}.Debug|Win32.ActiveCfg = Debug|Any CPU
		{EFA32D77-8698-4A7F-848A-1E0357BAD979}.Debug|Win32.Build.0 = Debug|Any CPU
		{EFA32D77-8698-4A7F-848A-1E0357BAD979}.Debug|x64.ActiveCfg = Debug|Any CPU
		{EFA32D77-8698-4A7F-848A-1E0357BAD979}.Debug|x64.Build.0 = Debug|Any CPU
		{EFA32D77-8698-4A7F-848A-1E0357BAD979}.Release|Any CPU.ActiveCfg = Release|Any CPU
		{EFA32D77-8698-4A7F-848A-1E0357BAD979}.Release|Any CPU.Build.0 = Release|Any CPU
		{EFA32D77-8698-4A7F-848A-1E0357BAD979}.Release|Mixed Platforms.ActiveCfg = Release|Any CPU
		{EFA32D77-8698-4A7F-848A-1E0357BAD979}.Release|Mixed Platforms.Build.0 = Release|Any CPU
		{EFA32D77-8698-4A7F-848A-1E0357BAD979}.Release|Win32.ActiveCfg = Release|Any CPU
		{EFA32D77-8698-4A7F-848A-1E0357BAD979}.Release|x64.ActiveCfg = Release|Any CPU
		{F97425C7-8471-47AD-B398-EC5F37E848FC}.Debug|Any CPU.ActiveCfg = Debug|Any CPU
		{F97425C7-8471-47AD-B398-EC5F37E848FC}.Debug|Any CPU.Build.0 = Debug|Any CPU
		{F97425C7-8471-47AD-B398-EC5F37E848FC}.Debug|Mixed Platforms.ActiveCfg = Debug|Any CPU
		{F97425C7-8471-47AD-B398-EC5F37E848FC}.Debug|Mixed Platforms.Build.0 = Debug|Any CPU
		{F97425C7-8471-47AD-B398-EC5F37E848FC}.Debug|Win32.ActiveCfg = Debug|Any CPU
		{F97425C7-8471-47AD-B398-EC5F37E848FC}.Debug|Win32.Build.0 = Debug|Any CPU
		{F97425C7-8471-47AD-B398-EC5F37E848FC}.Debug|x64.ActiveCfg = Debug|Any CPU
		{F97425C7-8471-47AD-B398-EC5F37E848FC}.Debug|x64.Build.0 = Debug|Any CPU
		{F97425C7-8471-47AD-B398-EC5F37E848FC}.Release|Any CPU.ActiveCfg = Release|Any CPU
		{F97425C7-8471-47AD-B398-EC5F37E848FC}.Release|Any CPU.Build.0 = Release|Any CPU
		{F97425C7-8471-47AD-B398-EC5F37E848FC}.Release|Mixed Platforms.ActiveCfg = Release|Any CPU
		{F97425C7-8471-47AD-B398-EC5F37E848FC}.Release|Mixed Platforms.Build.0 = Release|Any CPU
		{F97425C7-8471-47AD-B398-EC5F37E848FC}.Release|Win32.ActiveCfg = Release|Any CPU
		{F97425C7-8471-47AD-B398-EC5F37E848FC}.Release|x64.ActiveCfg = Release|Any CPU
		{8B9012F8-7E9F-49F0-A660-0BA6EA0D9957}.Debug|Any CPU.ActiveCfg = Debug|Any CPU
		{8B9012F8-7E9F-49F0-A660-0BA6EA0D9957}.Debug|Any CPU.Build.0 = Debug|Any CPU
		{8B9012F8-7E9F-49F0-A660-0BA6EA0D9957}.Debug|Mixed Platforms.ActiveCfg = Debug|Any CPU
		{8B9012F8-7E9F-49F0-A660-0BA6EA0D9957}.Debug|Mixed Platforms.Build.0 = Debug|Any CPU
		{8B9012F8-7E9F-49F0-A660-0BA6EA0D9957}.Debug|Win32.ActiveCfg = Debug|Any CPU
		{8B9012F8-7E9F-49F0-A660-0BA6EA0D9957}.Debug|Win32.Build.0 = Debug|Any CPU
		{8B9012F8-7E9F-49F0-A660-0BA6EA0D9957}.Debug|x64.ActiveCfg = Debug|Any CPU
		{8B9012F8-7E9F-49F0-A660-0BA6EA0D9957}.Debug|x64.Build.0 = Debug|Any CPU
		{8B9012F8-7E9F-49F0-A660-0BA6EA0D9957}.Release|Any CPU.ActiveCfg = Release|Any CPU
		{8B9012F8-7E9F-49F0-A660-0BA6EA0D9957}.Release|Any CPU.Build.0 = Release|Any CPU
		{8B9012F8-7E9F-49F0-A660-0BA6EA0D9957}.Release|Mixed Platforms.ActiveCfg = Release|Any CPU
		{8B9012F8-7E9F-49F0-A660-0BA6EA0D9957}.Release|Mixed Platforms.Build.0 = Release|Any CPU
		{8B9012F8-7E9F-49F0-A660-0BA6EA0D9957}.Release|Win32.ActiveCfg = Release|Any CPU
		{8B9012F8-7E9F-49F0-A660-0BA6EA0D9957}.Release|x64.ActiveCfg = Release|Any CPU
		{F73B546B-BC44-47A7-B808-4C8699835CB0}.Debug|Any CPU.ActiveCfg = Debug|Any CPU
		{F73B546B-BC44-47A7-B808-4C8699835CB0}.Debug|Any CPU.Build.0 = Debug|Any CPU
		{F73B546B-BC44-47A7-B808-4C8699835CB0}.Debug|Mixed Platforms.ActiveCfg = Debug|Any CPU
		{F73B546B-BC44-47A7-B808-4C8699835CB0}.Debug|Mixed Platforms.Build.0 = Debug|Any CPU
		{F73B546B-BC44-47A7-B808-4C8699835CB0}.Debug|Win32.ActiveCfg = Debug|Any CPU
		{F73B546B-BC44-47A7-B808-4C8699835CB0}.Debug|Win32.Build.0 = Debug|Any CPU
		{F73B546B-BC44-47A7-B808-4C8699835CB0}.Debug|x64.ActiveCfg = Debug|Any CPU
		{F73B546B-BC44-47A7-B808-4C8699835CB0}.Debug|x64.Build.0 = Debug|Any CPU
		{F73B546B-BC44-47A7-B808-4C8699835CB0}.Release|Any CPU.ActiveCfg = Release|Any CPU
		{F73B546B-BC44-47A7-B808-4C8699835CB0}.Release|Any CPU.Build.0 = Release|Any CPU
		{F73B546B-BC44-47A7-B808-4C8699835CB0}.Release|Mixed Platforms.ActiveCfg = Release|Any CPU
		{F73B546B-BC44-47A7-B808-4C8699835CB0}.Release|Mixed Platforms.Build.0 = Release|Any CPU
		{F73B546B-BC44-47A7-B808-4C8699835CB0}.Release|Win32.ActiveCfg = Release|Any CPU
		{F73B546B-BC44-47A7-B808-4C8699835CB0}.Release|x64.ActiveCfg = Release|Any CPU
	EndGlobalSection
	GlobalSection(SolutionProperties) = preSolution
		HideSolutionNode = FALSE
	EndGlobalSection
	GlobalSection(NestedProjects) = preSolution
		{8B9012F8-7E9F-49F0-A660-0BA6EA0D9957} = {A9DCEFFC-5912-439A-850D-2B2FEA991F0F}
	EndGlobalSection
	GlobalSection(ExtensibilityGlobals) = postSolution
		SolutionGuid = {6F5C7680-5EF1-4D5A-B7F8-F43C3C017154}
	EndGlobalSection
EndGlobal
