
Microsoft Visual Studio Solution File, Format Version 12.00
# Visual Studio 2013
VisualStudioVersion = 12.0.21005.1
MinimumVisualStudioVersion = 10.0.40219.1
Project("{8BC9CEB8-8B4A-11D0-8D11-00A0C91BC942}") = "WaveSabreCore", "WaveSabreCore\WaveSabreCore.vcxproj", "{10660F3B-661C-4EDB-A27C-E7EC49577A6B}"
EndProject
Project("{2150E333-8FDC-42A3-9474-1A3956D46DE8}") = "Tests", "Tests", "{A9DCEFFC-5912-439A-850D-2B2FEA991F0F}"
EndProject
Project("{8BC9CEB8-8B4A-11D0-8D11-00A0C91BC942}") = "WaveSabreVstLib", "WaveSabreVstLib\WaveSabreVstLib.vcxproj", "{E1140BEE-12B3-4A50-9060-BC4F0EBCA2F1}"
	ProjectSection(ProjectDependencies) = postProject
		{10660F3B-661C-4EDB-A27C-E7EC49577A6B} = {10660F3B-661C-4EDB-A27C-E7EC49577A6B}
	EndProjectSection
EndProject
Project("{FAE04EC0-301F-11D3-BF4B-00C04F79EFBC}") = "ConvertTheFuck", "ConvertTheFuck\ConvertTheFuck.csproj", "{EFA32D77-8698-4A7F-848A-1E0357BAD979}"
EndProject
Project("{8BC9CEB8-8B4A-11D0-8D11-00A0C91BC942}") = "WaveSabrePlayerLib", "WaveSabrePlayerLib\WaveSabrePlayerLib.vcxproj", "{CF3B9E1D-BB52-4A9E-99BC-C4C8028B9B92}"
	ProjectSection(ProjectDependencies) = postProject
		{10660F3B-661C-4EDB-A27C-E7EC49577A6B} = {10660F3B-661C-4EDB-A27C-E7EC49577A6B}
	EndProjectSection
EndProject
Project("{8BC9CEB8-8B4A-11D0-8D11-00A0C91BC942}") = "PlayerTest", "Tests\PlayerTest\PlayerTest.vcxproj", "{02E64519-66F5-4824-BCB6-1C81FC4552D9}"
	ProjectSection(ProjectDependencies) = postProject
		{CF3B9E1D-BB52-4A9E-99BC-C4C8028B9B92} = {CF3B9E1D-BB52-4A9E-99BC-C4C8028B9B92}
	EndProjectSection
EndProject
Project("{FAE04EC0-301F-11D3-BF4B-00C04F79EFBC}") = "WaveSabreConvert", "WaveSabreConvert\WaveSabreConvert.csproj", "{F97425C7-8471-47AD-B398-EC5F37E848FC}"
EndProject
Project("{FAE04EC0-301F-11D3-BF4B-00C04F79EFBC}") = "WaveSabreConvertTests", "Tests\WaveSabreConvertTests\WaveSabreConvertTests.csproj", "{8B9012F8-7E9F-49F0-A660-0BA6EA0D9957}"
EndProject
Project("{2150E333-8FDC-42A3-9474-1A3956D46DE8}") = "Vst's", "Vst's", "{1C65CAF4-2FC2-4CD9-A631-6DCA71590987}"
EndProject
Project("{8BC9CEB8-8B4A-11D0-8D11-00A0C91BC942}") = "Chamber", "build\Chamber.vcxproj", "{D7C1EE22-43A1-6DBE-4CB9-F894B817D41F}"
	ProjectSection(ProjectDependencies) = postProject
		{10660F3B-661C-4EDB-A27C-E7EC49577A6B} = {10660F3B-661C-4EDB-A27C-E7EC49577A6B}
		{E1140BEE-12B3-4A50-9060-BC4F0EBCA2F1} = {E1140BEE-12B3-4A50-9060-BC4F0EBCA2F1}
	EndProjectSection
EndProject
Project("{8BC9CEB8-8B4A-11D0-8D11-00A0C91BC942}") = "Crusher", "build\Crusher.vcxproj", "{01A6AF3B-6D85-2ED7-769D-B9ADE2FB9438}"
	ProjectSection(ProjectDependencies) = postProject
		{10660F3B-661C-4EDB-A27C-E7EC49577A6B} = {10660F3B-661C-4EDB-A27C-E7EC49577A6B}
		{E1140BEE-12B3-4A50-9060-BC4F0EBCA2F1} = {E1140BEE-12B3-4A50-9060-BC4F0EBCA2F1}
	EndProjectSection
EndProject
Project("{8BC9CEB8-8B4A-11D0-8D11-00A0C91BC942}") = "Echo", "build\Echo.vcxproj", "{A498847C-90CF-850D-39BC-6B1025D2010F}"
	ProjectSection(ProjectDependencies) = postProject
		{10660F3B-661C-4EDB-A27C-E7EC49577A6B} = {10660F3B-661C-4EDB-A27C-E7EC49577A6B}
		{E1140BEE-12B3-4A50-9060-BC4F0EBCA2F1} = {E1140BEE-12B3-4A50-9060-BC4F0EBCA2F1}
	EndProjectSection
EndProject
Project("{8BC9CEB8-8B4A-11D0-8D11-00A0C91BC942}") = "Falcon", "build\Falcon.vcxproj", "{785640B2-64F8-6A88-4DB3-7EDC39F4F1D8}"
	ProjectSection(ProjectDependencies) = postProject
		{10660F3B-661C-4EDB-A27C-E7EC49577A6B} = {10660F3B-661C-4EDB-A27C-E7EC49577A6B}
		{E1140BEE-12B3-4A50-9060-BC4F0EBCA2F1} = {E1140BEE-12B3-4A50-9060-BC4F0EBCA2F1}
	EndProjectSection
EndProject
Project("{8BC9CEB8-8B4A-11D0-8D11-00A0C91BC942}") = "Leveller", "build\Leveller.vcxproj", "{E0EB9918-CCB8-F423-F5D1-E2CBE1FD29B2}"
	ProjectSection(ProjectDependencies) = postProject
		{10660F3B-661C-4EDB-A27C-E7EC49577A6B} = {10660F3B-661C-4EDB-A27C-E7EC49577A6B}
		{E1140BEE-12B3-4A50-9060-BC4F0EBCA2F1} = {E1140BEE-12B3-4A50-9060-BC4F0EBCA2F1}
	EndProjectSection
EndProject
Project("{8BC9CEB8-8B4A-11D0-8D11-00A0C91BC942}") = "Scissor", "build\Scissor.vcxproj", "{AB1A7DE7-17FA-FB82-2012-87598C7062E4}"
	ProjectSection(ProjectDependencies) = postProject
		{10660F3B-661C-4EDB-A27C-E7EC49577A6B} = {10660F3B-661C-4EDB-A27C-E7EC49577A6B}
		{E1140BEE-12B3-4A50-9060-BC4F0EBCA2F1} = {E1140BEE-12B3-4A50-9060-BC4F0EBCA2F1}
	EndProjectSection
EndProject
Project("{8BC9CEB8-8B4A-11D0-8D11-00A0C91BC942}") = "Slaughter", "build\Slaughter.vcxproj", "{D4717AA5-40DC-2E1C-891A-E0C1F5C30C71}"
	ProjectSection(ProjectDependencies) = postProject
		{10660F3B-661C-4EDB-A27C-E7EC49577A6B} = {10660F3B-661C-4EDB-A27C-E7EC49577A6B}
		{E1140BEE-12B3-4A50-9060-BC4F0EBCA2F1} = {E1140BEE-12B3-4A50-9060-BC4F0EBCA2F1}
	EndProjectSection
EndProject
Project("{8BC9CEB8-8B4A-11D0-8D11-00A0C91BC942}") = "Smasher", "build\Smasher.vcxproj", "{D8BC3FFE-449C-BE99-4DB4-4970B91225FB}"
	ProjectSection(ProjectDependencies) = postProject
		{10660F3B-661C-4EDB-A27C-E7EC49577A6B} = {10660F3B-661C-4EDB-A27C-E7EC49577A6B}
		{E1140BEE-12B3-4A50-9060-BC4F0EBCA2F1} = {E1140BEE-12B3-4A50-9060-BC4F0EBCA2F1}
	EndProjectSection
EndProject
Project("{8BC9CEB8-8B4A-11D0-8D11-00A0C91BC942}") = "Thunder", "build\Thunder.vcxproj", "{9F49F740-0B29-76DC-1441-01B3809FDC3D}"
	ProjectSection(ProjectDependencies) = postProject
		{10660F3B-661C-4EDB-A27C-E7EC49577A6B} = {10660F3B-661C-4EDB-A27C-E7EC49577A6B}
		{E1140BEE-12B3-4A50-9060-BC4F0EBCA2F1} = {E1140BEE-12B3-4A50-9060-BC4F0EBCA2F1}
	EndProjectSection
EndProject
Project("{8BC9CEB8-8B4A-11D0-8D11-00A0C91BC942}") = "Twister", "build\Twister.vcxproj", "{F7861E63-6366-9DFE-6C7E-28D5D8DC0360}"
	ProjectSection(ProjectDependencies) = postProject
		{10660F3B-661C-4EDB-A27C-E7EC49577A6B} = {10660F3B-661C-4EDB-A27C-E7EC49577A6B}
		{E1140BEE-12B3-4A50-9060-BC4F0EBCA2F1} = {E1140BEE-12B3-4A50-9060-BC4F0EBCA2F1}
	EndProjectSection
EndProject
Project("{8BC9CEB8-8B4A-11D0-8D11-00A0C91BC942}") = "Cathedral", "build\Cathedral.vcxproj", "{AD42F8CE-19AD-AC45-62EB-5DEBCE948A9A}"
	ProjectSection(ProjectDependencies) = postProject
		{10660F3B-661C-4EDB-A27C-E7EC49577A6B} = {10660F3B-661C-4EDB-A27C-E7EC49577A6B}
		{E1140BEE-12B3-4A50-9060-BC4F0EBCA2F1} = {E1140BEE-12B3-4A50-9060-BC4F0EBCA2F1}
	EndProjectSection
EndProject
Project("{8BC9CEB8-8B4A-11D0-8D11-00A0C91BC942}") = "Adultery", "build\Adultery.vcxproj", "{4F53F9A2-3B20-54AE-6439-42565065893C}"
	ProjectSection(ProjectDependencies) = postProject
		{10660F3B-661C-4EDB-A27C-E7EC49577A6B} = {10660F3B-661C-4EDB-A27C-E7EC49577A6B}
		{E1140BEE-12B3-4A50-9060-BC4F0EBCA2F1} = {E1140BEE-12B3-4A50-9060-BC4F0EBCA2F1}
	EndProjectSection
EndProject
Project("{8BC9CEB8-8B4A-11D0-8D11-00A0C91BC942}") = "Specimen", "build\Specimen.vcxproj", "{B9D559B5-A5A2-B4C0-CEBB-A268BAE7E94E}"
	ProjectSection(ProjectDependencies) = postProject
		{10660F3B-661C-4EDB-A27C-E7EC49577A6B} = {10660F3B-661C-4EDB-A27C-E7EC49577A6B}
		{E1140BEE-12B3-4A50-9060-BC4F0EBCA2F1} = {E1140BEE-12B3-4A50-9060-BC4F0EBCA2F1}
	EndProjectSection
EndProject
Project("{8BC9CEB8-8B4A-11D0-8D11-00A0C91BC942}") = "WaveSabreStandAlonePlayer", "WaveSabreStandAlonePlayer\WaveSabreStandAlonePlayer.vcxproj", "{5A282DFC-5BF9-4F15-BC15-B54B580333CC}"
	ProjectSection(ProjectDependencies) = postProject
		{CF3B9E1D-BB52-4A9E-99BC-C4C8028B9B92} = {CF3B9E1D-BB52-4A9E-99BC-C4C8028B9B92}
		{10660F3B-661C-4EDB-A27C-E7EC49577A6B} = {10660F3B-661C-4EDB-A27C-E7EC49577A6B}
	EndProjectSection
EndProject
Project("{FAE04EC0-301F-11D3-BF4B-00C04F79EFBC}") = "ProjectManager", "ProjectManager\ProjectManager.csproj", "{F73B546B-BC44-47A7-B808-4C8699835CB0}"
EndProject
Global
	GlobalSection(SolutionConfigurationPlatforms) = preSolution
		Debug|Any CPU = Debug|Any CPU
		Debug|Mixed Platforms = Debug|Mixed Platforms
		Debug|Win32 = Debug|Win32
		Debug|x64 = Debug|x64
		Release|Any CPU = Release|Any CPU
		Release|Mixed Platforms = Release|Mixed Platforms
		Release|Win32 = Release|Win32
		Release|x64 = Release|x64
	EndGlobalSection
	GlobalSection(ProjectConfigurationPlatforms) = postSolution
		{10660F3B-661C-4EDB-A27C-E7EC49577A6B}.Debug|Any CPU.ActiveCfg = Debug|Win32
		{10660F3B-661C-4EDB-A27C-E7EC49577A6B}.Debug|Mixed Platforms.ActiveCfg = Debug|Win32
		{10660F3B-661C-4EDB-A27C-E7EC49577A6B}.Debug|Mixed Platforms.Build.0 = Debug|Win32
		{10660F3B-661C-4EDB-A27C-E7EC49577A6B}.Debug|Win32.ActiveCfg = Debug|Win32
		{10660F3B-661C-4EDB-A27C-E7EC49577A6B}.Debug|Win32.Build.0 = Debug|Win32
		{10660F3B-661C-4EDB-A27C-E7EC49577A6B}.Debug|x64.ActiveCfg = Debug|Win32
		{10660F3B-661C-4EDB-A27C-E7EC49577A6B}.Release|Any CPU.ActiveCfg = Release|Win32
		{10660F3B-661C-4EDB-A27C-E7EC49577A6B}.Release|Mixed Platforms.ActiveCfg = Release|Win32
		{10660F3B-661C-4EDB-A27C-E7EC49577A6B}.Release|Mixed Platforms.Build.0 = Release|Win32
		{10660F3B-661C-4EDB-A27C-E7EC49577A6B}.Release|Win32.ActiveCfg = Release|Win32
		{10660F3B-661C-4EDB-A27C-E7EC49577A6B}.Release|Win32.Build.0 = Release|Win32
		{10660F3B-661C-4EDB-A27C-E7EC49577A6B}.Release|x64.ActiveCfg = Release|Win32
		{E1140BEE-12B3-4A50-9060-BC4F0EBCA2F1}.Debug|Any CPU.ActiveCfg = Debug|Win32
		{E1140BEE-12B3-4A50-9060-BC4F0EBCA2F1}.Debug|Mixed Platforms.ActiveCfg = Debug|Win32
		{E1140BEE-12B3-4A50-9060-BC4F0EBCA2F1}.Debug|Mixed Platforms.Build.0 = Debug|Win32
		{E1140BEE-12B3-4A50-9060-BC4F0EBCA2F1}.Debug|Win32.ActiveCfg = Debug|Win32
		{E1140BEE-12B3-4A50-9060-BC4F0EBCA2F1}.Debug|Win32.Build.0 = Debug|Win32
		{E1140BEE-12B3-4A50-9060-BC4F0EBCA2F1}.Debug|x64.ActiveCfg = Debug|Win32
		{E1140BEE-12B3-4A50-9060-BC4F0EBCA2F1}.Release|Any CPU.ActiveCfg = Release|Win32
		{E1140BEE-12B3-4A50-9060-BC4F0EBCA2F1}.Release|Mixed Platforms.ActiveCfg = Release|Win32
		{E1140BEE-12B3-4A50-9060-BC4F0EBCA2F1}.Release|Mixed Platforms.Build.0 = Release|Win32
		{E1140BEE-12B3-4A50-9060-BC4F0EBCA2F1}.Release|Win32.ActiveCfg = Release|Win32
		{E1140BEE-12B3-4A50-9060-BC4F0EBCA2F1}.Release|Win32.Build.0 = Release|Win32
		{E1140BEE-12B3-4A50-9060-BC4F0EBCA2F1}.Release|x64.ActiveCfg = Release|Win32
		{EFA32D77-8698-4A7F-848A-1E0357BAD979}.Debug|Any CPU.ActiveCfg = Debug|Any CPU
		{EFA32D77-8698-4A7F-848A-1E0357BAD979}.Debug|Any CPU.Build.0 = Debug|Any CPU
		{EFA32D77-8698-4A7F-848A-1E0357BAD979}.Debug|Mixed Platforms.ActiveCfg = Debug|Any CPU
		{EFA32D77-8698-4A7F-848A-1E0357BAD979}.Debug|Mixed Platforms.Build.0 = Debug|Any CPU
		{EFA32D77-8698-4A7F-848A-1E0357BAD979}.Debug|Win32.ActiveCfg = Debug|Any CPU
		{EFA32D77-8698-4A7F-848A-1E0357BAD979}.Debug|x64.ActiveCfg = Debug|Any CPU
		{EFA32D77-8698-4A7F-848A-1E0357BAD979}.Release|Any CPU.ActiveCfg = Release|Any CPU
		{EFA32D77-8698-4A7F-848A-1E0357BAD979}.Release|Any CPU.Build.0 = Release|Any CPU
		{EFA32D77-8698-4A7F-848A-1E0357BAD979}.Release|Mixed Platforms.ActiveCfg = Release|Any CPU
		{EFA32D77-8698-4A7F-848A-1E0357BAD979}.Release|Mixed Platforms.Build.0 = Release|Any CPU
		{EFA32D77-8698-4A7F-848A-1E0357BAD979}.Release|Win32.ActiveCfg = Release|Any CPU
		{EFA32D77-8698-4A7F-848A-1E0357BAD979}.Release|x64.ActiveCfg = Release|Any CPU
		{CF3B9E1D-BB52-4A9E-99BC-C4C8028B9B92}.Debug|Any CPU.ActiveCfg = Debug|Win32
		{CF3B9E1D-BB52-4A9E-99BC-C4C8028B9B92}.Debug|Mixed Platforms.ActiveCfg = Debug|Win32
		{CF3B9E1D-BB52-4A9E-99BC-C4C8028B9B92}.Debug|Mixed Platforms.Build.0 = Debug|Win32
		{CF3B9E1D-BB52-4A9E-99BC-C4C8028B9B92}.Debug|Win32.ActiveCfg = Debug|Win32
		{CF3B9E1D-BB52-4A9E-99BC-C4C8028B9B92}.Debug|Win32.Build.0 = Debug|Win32
		{CF3B9E1D-BB52-4A9E-99BC-C4C8028B9B92}.Debug|x64.ActiveCfg = Debug|Win32
		{CF3B9E1D-BB52-4A9E-99BC-C4C8028B9B92}.Release|Any CPU.ActiveCfg = Release|Win32
		{CF3B9E1D-BB52-4A9E-99BC-C4C8028B9B92}.Release|Mixed Platforms.ActiveCfg = Release|Win32
		{CF3B9E1D-BB52-4A9E-99BC-C4C8028B9B92}.Release|Mixed Platforms.Build.0 = Release|Win32
		{CF3B9E1D-BB52-4A9E-99BC-C4C8028B9B92}.Release|Win32.ActiveCfg = Release|Win32
		{CF3B9E1D-BB52-4A9E-99BC-C4C8028B9B92}.Release|Win32.Build.0 = Release|Win32
		{CF3B9E1D-BB52-4A9E-99BC-C4C8028B9B92}.Release|x64.ActiveCfg = Release|Win32
		{02E64519-66F5-4824-BCB6-1C81FC4552D9}.Debug|Any CPU.ActiveCfg = Debug|Win32
		{02E64519-66F5-4824-BCB6-1C81FC4552D9}.Debug|Mixed Platforms.ActiveCfg = Debug|Win32
		{02E64519-66F5-4824-BCB6-1C81FC4552D9}.Debug|Mixed Platforms.Build.0 = Debug|Win32
		{02E64519-66F5-4824-BCB6-1C81FC4552D9}.Debug|Win32.ActiveCfg = Debug|Win32
		{02E64519-66F5-4824-BCB6-1C81FC4552D9}.Debug|Win32.Build.0 = Debug|Win32
		{02E64519-66F5-4824-BCB6-1C81FC4552D9}.Debug|x64.ActiveCfg = Debug|Win32
		{02E64519-66F5-4824-BCB6-1C81FC4552D9}.Release|Any CPU.ActiveCfg = Release|Win32
		{02E64519-66F5-4824-BCB6-1C81FC4552D9}.Release|Mixed Platforms.ActiveCfg = Release|Win32
		{02E64519-66F5-4824-BCB6-1C81FC4552D9}.Release|Mixed Platforms.Build.0 = Release|Win32
		{02E64519-66F5-4824-BCB6-1C81FC4552D9}.Release|Win32.ActiveCfg = Release|Win32
		{02E64519-66F5-4824-BCB6-1C81FC4552D9}.Release|Win32.Build.0 = Release|Win32
		{02E64519-66F5-4824-BCB6-1C81FC4552D9}.Release|x64.ActiveCfg = Release|Win32
		{F97425C7-8471-47AD-B398-EC5F37E848FC}.Debug|Any CPU.ActiveCfg = Debug|Any CPU
		{F97425C7-8471-47AD-B398-EC5F37E848FC}.Debug|Any CPU.Build.0 = Debug|Any CPU
		{F97425C7-8471-47AD-B398-EC5F37E848FC}.Debug|Mixed Platforms.ActiveCfg = Debug|Any CPU
		{F97425C7-8471-47AD-B398-EC5F37E848FC}.Debug|Mixed Platforms.Build.0 = Debug|Any CPU
		{F97425C7-8471-47AD-B398-EC5F37E848FC}.Debug|Win32.ActiveCfg = Debug|Any CPU
		{F97425C7-8471-47AD-B398-EC5F37E848FC}.Debug|x64.ActiveCfg = Debug|Any CPU
		{F97425C7-8471-47AD-B398-EC5F37E848FC}.Release|Any CPU.ActiveCfg = Release|Any CPU
		{F97425C7-8471-47AD-B398-EC5F37E848FC}.Release|Any CPU.Build.0 = Release|Any CPU
		{F97425C7-8471-47AD-B398-EC5F37E848FC}.Release|Mixed Platforms.ActiveCfg = Release|Any CPU
		{F97425C7-8471-47AD-B398-EC5F37E848FC}.Release|Mixed Platforms.Build.0 = Release|Any CPU
		{F97425C7-8471-47AD-B398-EC5F37E848FC}.Release|Win32.ActiveCfg = Release|Any CPU
		{F97425C7-8471-47AD-B398-EC5F37E848FC}.Release|x64.ActiveCfg = Release|Any CPU
		{8B9012F8-7E9F-49F0-A660-0BA6EA0D9957}.Debug|Any CPU.ActiveCfg = Debug|Any CPU
		{8B9012F8-7E9F-49F0-A660-0BA6EA0D9957}.Debug|Any CPU.Build.0 = Debug|Any CPU
		{8B9012F8-7E9F-49F0-A660-0BA6EA0D9957}.Debug|Mixed Platforms.ActiveCfg = Debug|Any CPU
		{8B9012F8-7E9F-49F0-A660-0BA6EA0D9957}.Debug|Mixed Platforms.Build.0 = Debug|Any CPU
		{8B9012F8-7E9F-49F0-A660-0BA6EA0D9957}.Debug|Win32.ActiveCfg = Debug|Any CPU
		{8B9012F8-7E9F-49F0-A660-0BA6EA0D9957}.Debug|x64.ActiveCfg = Debug|Any CPU
		{8B9012F8-7E9F-49F0-A660-0BA6EA0D9957}.Release|Any CPU.ActiveCfg = Release|Any CPU
		{8B9012F8-7E9F-49F0-A660-0BA6EA0D9957}.Release|Any CPU.Build.0 = Release|Any CPU
		{8B9012F8-7E9F-49F0-A660-0BA6EA0D9957}.Release|Mixed Platforms.ActiveCfg = Release|Any CPU
		{8B9012F8-7E9F-49F0-A660-0BA6EA0D9957}.Release|Mixed Platforms.Build.0 = Release|Any CPU
		{8B9012F8-7E9F-49F0-A660-0BA6EA0D9957}.Release|Win32.ActiveCfg = Release|Any CPU
		{8B9012F8-7E9F-49F0-A660-0BA6EA0D9957}.Release|x64.ActiveCfg = Release|Any CPU
		{D7C1EE22-43A1-6DBE-4CB9-F894B817D41F}.Debug|Any CPU.ActiveCfg = Debug|Win32
		{D7C1EE22-43A1-6DBE-4CB9-F894B817D41F}.Debug|Mixed Platforms.ActiveCfg = Debug|Win32
		{D7C1EE22-43A1-6DBE-4CB9-F894B817D41F}.Debug|Mixed Platforms.Build.0 = Debug|Win32
		{D7C1EE22-43A1-6DBE-4CB9-F894B817D41F}.Debug|Win32.ActiveCfg = Debug|Win32
		{D7C1EE22-43A1-6DBE-4CB9-F894B817D41F}.Debug|Win32.Build.0 = Debug|Win32
		{D7C1EE22-43A1-6DBE-4CB9-F894B817D41F}.Debug|x64.ActiveCfg = Debug|Win32
		{D7C1EE22-43A1-6DBE-4CB9-F894B817D41F}.Release|Any CPU.ActiveCfg = Release|Win32
		{D7C1EE22-43A1-6DBE-4CB9-F894B817D41F}.Release|Mixed Platforms.ActiveCfg = Release|Win32
		{D7C1EE22-43A1-6DBE-4CB9-F894B817D41F}.Release|Mixed Platforms.Build.0 = Release|Win32
		{D7C1EE22-43A1-6DBE-4CB9-F894B817D41F}.Release|Win32.ActiveCfg = Release|Win32
		{D7C1EE22-43A1-6DBE-4CB9-F894B817D41F}.Release|Win32.Build.0 = Release|Win32
		{D7C1EE22-43A1-6DBE-4CB9-F894B817D41F}.Release|x64.ActiveCfg = Release|Win32
		{01A6AF3B-6D85-2ED7-769D-B9ADE2FB9438}.Debug|Any CPU.ActiveCfg = Debug|Win32
		{01A6AF3B-6D85-2ED7-769D-B9ADE2FB9438}.Debug|Mixed Platforms.ActiveCfg = Debug|Win32
		{01A6AF3B-6D85-2ED7-769D-B9ADE2FB9438}.Debug|Mixed Platforms.Build.0 = Debug|Win32
		{01A6AF3B-6D85-2ED7-769D-B9ADE2FB9438}.Debug|Win32.ActiveCfg = Debug|Win32
		{01A6AF3B-6D85-2ED7-769D-B9ADE2FB9438}.Debug|Win32.Build.0 = Debug|Win32
		{01A6AF3B-6D85-2ED7-769D-B9ADE2FB9438}.Debug|x64.ActiveCfg = Debug|Win32
		{01A6AF3B-6D85-2ED7-769D-B9ADE2FB9438}.Release|Any CPU.ActiveCfg = Release|Win32
		{01A6AF3B-6D85-2ED7-769D-B9ADE2FB9438}.Release|Mixed Platforms.ActiveCfg = Release|Win32
		{01A6AF3B-6D85-2ED7-769D-B9ADE2FB9438}.Release|Mixed Platforms.Build.0 = Release|Win32
		{01A6AF3B-6D85-2ED7-769D-B9ADE2FB9438}.Release|Win32.ActiveCfg = Release|Win32
		{01A6AF3B-6D85-2ED7-769D-B9ADE2FB9438}.Release|Win32.Build.0 = Release|Win32
		{01A6AF3B-6D85-2ED7-769D-B9ADE2FB9438}.Release|x64.ActiveCfg = Release|Win32
		{A498847C-90CF-850D-39BC-6B1025D2010F}.Debug|Any CPU.ActiveCfg = Debug|Win32
		{A498847C-90CF-850D-39BC-6B1025D2010F}.Debug|Mixed Platforms.ActiveCfg = Debug|Win32
		{A498847C-90CF-850D-39BC-6B1025D2010F}.Debug|Mixed Platforms.Build.0 = Debug|Win32
		{A498847C-90CF-850D-39BC-6B1025D2010F}.Debug|Win32.ActiveCfg = Debug|Win32
		{A498847C-90CF-850D-39BC-6B1025D2010F}.Debug|Win32.Build.0 = Debug|Win32
		{A498847C-90CF-850D-39BC-6B1025D2010F}.Debug|x64.ActiveCfg = Debug|Win32
		{A498847C-90CF-850D-39BC-6B1025D2010F}.Release|Any CPU.ActiveCfg = Release|Win32
		{A498847C-90CF-850D-39BC-6B1025D2010F}.Release|Mixed Platforms.ActiveCfg = Release|Win32
		{A498847C-90CF-850D-39BC-6B1025D2010F}.Release|Mixed Platforms.Build.0 = Release|Win32
		{A498847C-90CF-850D-39BC-6B1025D2010F}.Release|Win32.ActiveCfg = Release|Win32
		{A498847C-90CF-850D-39BC-6B1025D2010F}.Release|Win32.Build.0 = Release|Win32
		{A498847C-90CF-850D-39BC-6B1025D2010F}.Release|x64.ActiveCfg = Release|Win32
		{785640B2-64F8-6A88-4DB3-7EDC39F4F1D8}.Debug|Any CPU.ActiveCfg = Debug|Win32
		{785640B2-64F8-6A88-4DB3-7EDC39F4F1D8}.Debug|Mixed Platforms.ActiveCfg = Debug|Win32
		{785640B2-64F8-6A88-4DB3-7EDC39F4F1D8}.Debug|Mixed Platforms.Build.0 = Debug|Win32
		{785640B2-64F8-6A88-4DB3-7EDC39F4F1D8}.Debug|Win32.ActiveCfg = Debug|Win32
		{785640B2-64F8-6A88-4DB3-7EDC39F4F1D8}.Debug|Win32.Build.0 = Debug|Win32
		{785640B2-64F8-6A88-4DB3-7EDC39F4F1D8}.Debug|x64.ActiveCfg = Debug|Win32
		{785640B2-64F8-6A88-4DB3-7EDC39F4F1D8}.Release|Any CPU.ActiveCfg = Release|Win32
		{785640B2-64F8-6A88-4DB3-7EDC39F4F1D8}.Release|Mixed Platforms.ActiveCfg = Release|Win32
		{785640B2-64F8-6A88-4DB3-7EDC39F4F1D8}.Release|Mixed Platforms.Build.0 = Release|Win32
		{785640B2-64F8-6A88-4DB3-7EDC39F4F1D8}.Release|Win32.ActiveCfg = Release|Win32
		{785640B2-64F8-6A88-4DB3-7EDC39F4F1D8}.Release|Win32.Build.0 = Release|Win32
		{785640B2-64F8-6A88-4DB3-7EDC39F4F1D8}.Release|x64.ActiveCfg = Release|Win32
		{E0EB9918-CCB8-F423-F5D1-E2CBE1FD29B2}.Debug|Any CPU.ActiveCfg = Debug|Win32
		{E0EB9918-CCB8-F423-F5D1-E2CBE1FD29B2}.Debug|Mixed Platforms.ActiveCfg = Debug|Win32
		{E0EB9918-CCB8-F423-F5D1-E2CBE1FD29B2}.Debug|Mixed Platforms.Build.0 = Debug|Win32
		{E0EB9918-CCB8-F423-F5D1-E2CBE1FD29B2}.Debug|Win32.ActiveCfg = Debug|Win32
		{E0EB9918-CCB8-F423-F5D1-E2CBE1FD29B2}.Debug|Win32.Build.0 = Debug|Win32
		{E0EB9918-CCB8-F423-F5D1-E2CBE1FD29B2}.Debug|x64.ActiveCfg = Debug|Win32
		{E0EB9918-CCB8-F423-F5D1-E2CBE1FD29B2}.Release|Any CPU.ActiveCfg = Release|Win32
		{E0EB9918-CCB8-F423-F5D1-E2CBE1FD29B2}.Release|Mixed Platforms.ActiveCfg = Release|Win32
		{E0EB9918-CCB8-F423-F5D1-E2CBE1FD29B2}.Release|Mixed Platforms.Build.0 = Release|Win32
		{E0EB9918-CCB8-F423-F5D1-E2CBE1FD29B2}.Release|Win32.ActiveCfg = Release|Win32
		{E0EB9918-CCB8-F423-F5D1-E2CBE1FD29B2}.Release|Win32.Build.0 = Release|Win32
		{E0EB9918-CCB8-F423-F5D1-E2CBE1FD29B2}.Release|x64.ActiveCfg = Release|Win32
		{AB1A7DE7-17FA-FB82-2012-87598C7062E4}.Debug|Any CPU.ActiveCfg = Debug|Win32
		{AB1A7DE7-17FA-FB82-2012-87598C7062E4}.Debug|Mixed Platforms.ActiveCfg = Debug|Win32
		{AB1A7DE7-17FA-FB82-2012-87598C7062E4}.Debug|Mixed Platforms.Build.0 = Debug|Win32
		{AB1A7DE7-17FA-FB82-2012-87598C7062E4}.Debug|Win32.ActiveCfg = Debug|Win32
		{AB1A7DE7-17FA-FB82-2012-87598C7062E4}.Debug|Win32.Build.0 = Debug|Win32
		{AB1A7DE7-17FA-FB82-2012-87598C7062E4}.Debug|x64.ActiveCfg = Debug|Win32
		{AB1A7DE7-17FA-FB82-2012-87598C7062E4}.Release|Any CPU.ActiveCfg = Release|Win32
		{AB1A7DE7-17FA-FB82-2012-87598C7062E4}.Release|Mixed Platforms.ActiveCfg = Release|Win32
		{AB1A7DE7-17FA-FB82-2012-87598C7062E4}.Release|Mixed Platforms.Build.0 = Release|Win32
		{AB1A7DE7-17FA-FB82-2012-87598C7062E4}.Release|Win32.ActiveCfg = Release|Win32
		{AB1A7DE7-17FA-FB82-2012-87598C7062E4}.Release|Win32.Build.0 = Release|Win32
		{AB1A7DE7-17FA-FB82-2012-87598C7062E4}.Release|x64.ActiveCfg = Release|Win32
		{D4717AA5-40DC-2E1C-891A-E0C1F5C30C71}.Debug|Any CPU.ActiveCfg = Debug|Win32
		{D4717AA5-40DC-2E1C-891A-E0C1F5C30C71}.Debug|Mixed Platforms.ActiveCfg = Debug|Win32
		{D4717AA5-40DC-2E1C-891A-E0C1F5C30C71}.Debug|Mixed Platforms.Build.0 = Debug|Win32
		{D4717AA5-40DC-2E1C-891A-E0C1F5C30C71}.Debug|Win32.ActiveCfg = Debug|Win32
		{D4717AA5-40DC-2E1C-891A-E0C1F5C30C71}.Debug|Win32.Build.0 = Debug|Win32
		{D4717AA5-40DC-2E1C-891A-E0C1F5C30C71}.Debug|x64.ActiveCfg = Debug|Win32
		{D4717AA5-40DC-2E1C-891A-E0C1F5C30C71}.Release|Any CPU.ActiveCfg = Release|Win32
		{D4717AA5-40DC-2E1C-891A-E0C1F5C30C71}.Release|Mixed Platforms.ActiveCfg = Release|Win32
		{D4717AA5-40DC-2E1C-891A-E0C1F5C30C71}.Release|Mixed Platforms.Build.0 = Release|Win32
		{D4717AA5-40DC-2E1C-891A-E0C1F5C30C71}.Release|Win32.ActiveCfg = Release|Win32
		{D4717AA5-40DC-2E1C-891A-E0C1F5C30C71}.Release|Win32.Build.0 = Release|Win32
		{D4717AA5-40DC-2E1C-891A-E0C1F5C30C71}.Release|x64.ActiveCfg = Release|Win32
		{D8BC3FFE-449C-BE99-4DB4-4970B91225FB}.Debug|Any CPU.ActiveCfg = Debug|Win32
		{D8BC3FFE-449C-BE99-4DB4-4970B91225FB}.Debug|Mixed Platforms.ActiveCfg = Debug|Win32
		{D8BC3FFE-449C-BE99-4DB4-4970B91225FB}.Debug|Mixed Platforms.Build.0 = Debug|Win32
		{D8BC3FFE-449C-BE99-4DB4-4970B91225FB}.Debug|Win32.ActiveCfg = Debug|Win32
		{D8BC3FFE-449C-BE99-4DB4-4970B91225FB}.Debug|Win32.Build.0 = Debug|Win32
		{D8BC3FFE-449C-BE99-4DB4-4970B91225FB}.Debug|x64.ActiveCfg = Debug|Win32
		{D8BC3FFE-449C-BE99-4DB4-4970B91225FB}.Release|Any CPU.ActiveCfg = Release|Win32
		{D8BC3FFE-449C-BE99-4DB4-4970B91225FB}.Release|Mixed Platforms.ActiveCfg = Release|Win32
		{D8BC3FFE-449C-BE99-4DB4-4970B91225FB}.Release|Mixed Platforms.Build.0 = Release|Win32
		{D8BC3FFE-449C-BE99-4DB4-4970B91225FB}.Release|Win32.ActiveCfg = Release|Win32
		{D8BC3FFE-449C-BE99-4DB4-4970B91225FB}.Release|Win32.Build.0 = Release|Win32
		{D8BC3FFE-449C-BE99-4DB4-4970B91225FB}.Release|x64.ActiveCfg = Release|Win32
		{9F49F740-0B29-76DC-1441-01B3809FDC3D}.Debug|Any CPU.ActiveCfg = Debug|Win32
		{9F49F740-0B29-76DC-1441-01B3809FDC3D}.Debug|Mixed Platforms.ActiveCfg = Debug|Win32
		{9F49F740-0B29-76DC-1441-01B3809FDC3D}.Debug|Mixed Platforms.Build.0 = Debug|Win32
		{9F49F740-0B29-76DC-1441-01B3809FDC3D}.Debug|Win32.ActiveCfg = Debug|Win32
		{9F49F740-0B29-76DC-1441-01B3809FDC3D}.Debug|Win32.Build.0 = Debug|Win32
		{9F49F740-0B29-76DC-1441-01B3809FDC3D}.Debug|x64.ActiveCfg = Debug|Win32
		{9F49F740-0B29-76DC-1441-01B3809FDC3D}.Release|Any CPU.ActiveCfg = Release|Win32
		{9F49F740-0B29-76DC-1441-01B3809FDC3D}.Release|Mixed Platforms.ActiveCfg = Release|Win32
		{9F49F740-0B29-76DC-1441-01B3809FDC3D}.Release|Mixed Platforms.Build.0 = Release|Win32
		{9F49F740-0B29-76DC-1441-01B3809FDC3D}.Release|Win32.ActiveCfg = Release|Win32
		{9F49F740-0B29-76DC-1441-01B3809FDC3D}.Release|Win32.Build.0 = Release|Win32
		{9F49F740-0B29-76DC-1441-01B3809FDC3D}.Release|x64.ActiveCfg = Release|Win32
		{F7861E63-6366-9DFE-6C7E-28D5D8DC0360}.Debug|Any CPU.ActiveCfg = Debug|Win32
		{F7861E63-6366-9DFE-6C7E-28D5D8DC0360}.Debug|Mixed Platforms.ActiveCfg = Debug|Win32
		{F7861E63-6366-9DFE-6C7E-28D5D8DC0360}.Debug|Mixed Platforms.Build.0 = Debug|Win32
		{F7861E63-6366-9DFE-6C7E-28D5D8DC0360}.Debug|Win32.ActiveCfg = Debug|Win32
		{F7861E63-6366-9DFE-6C7E-28D5D8DC0360}.Debug|Win32.Build.0 = Debug|Win32
		{F7861E63-6366-9DFE-6C7E-28D5D8DC0360}.Debug|x64.ActiveCfg = Debug|Win32
		{F7861E63-6366-9DFE-6C7E-28D5D8DC0360}.Release|Any CPU.ActiveCfg = Release|Win32
		{F7861E63-6366-9DFE-6C7E-28D5D8DC0360}.Release|Mixed Platforms.ActiveCfg = Release|Win32
		{F7861E63-6366-9DFE-6C7E-28D5D8DC0360}.Release|Mixed Platforms.Build.0 = Release|Win32
		{F7861E63-6366-9DFE-6C7E-28D5D8DC0360}.Release|Win32.ActiveCfg = Release|Win32
		{F7861E63-6366-9DFE-6C7E-28D5D8DC0360}.Release|Win32.Build.0 = Release|Win32
		{F7861E63-6366-9DFE-6C7E-28D5D8DC0360}.Release|x64.ActiveCfg = Release|Win32
		{AD42F8CE-19AD-AC45-62EB-5DEBCE948A9A}.Debug|Any CPU.ActiveCfg = Debug|Win32
		{AD42F8CE-19AD-AC45-62EB-5DEBCE948A9A}.Debug|Mixed Platforms.ActiveCfg = Debug|Win32
		{AD42F8CE-19AD-AC45-62EB-5DEBCE948A9A}.Debug|Mixed Platforms.Build.0 = Debug|Win32
		{AD42F8CE-19AD-AC45-62EB-5DEBCE948A9A}.Debug|Win32.ActiveCfg = Debug|Win32
		{AD42F8CE-19AD-AC45-62EB-5DEBCE948A9A}.Debug|Win32.Build.0 = Debug|Win32
		{AD42F8CE-19AD-AC45-62EB-5DEBCE948A9A}.Debug|x64.ActiveCfg = Debug|Win32
		{AD42F8CE-19AD-AC45-62EB-5DEBCE948A9A}.Release|Any CPU.ActiveCfg = Release|Win32
		{AD42F8CE-19AD-AC45-62EB-5DEBCE948A9A}.Release|Mixed Platforms.ActiveCfg = Release|Win32
		{AD42F8CE-19AD-AC45-62EB-5DEBCE948A9A}.Release|Mixed Platforms.Build.0 = Release|Win32
		{AD42F8CE-19AD-AC45-62EB-5DEBCE948A9A}.Release|Win32.ActiveCfg = Release|Win32
		{AD42F8CE-19AD-AC45-62EB-5DEBCE948A9A}.Release|Win32.Build.0 = Release|Win32
		{AD42F8CE-19AD-AC45-62EB-5DEBCE948A9A}.Release|x64.ActiveCfg = Release|Win32
		{4F53F9A2-3B20-54AE-6439-42565065893C}.Debug|Any CPU.ActiveCfg = Debug|Win32
		{4F53F9A2-3B20-54AE-6439-42565065893C}.Debug|Mixed Platforms.ActiveCfg = Debug|Win32
		{4F53F9A2-3B20-54AE-6439-42565065893C}.Debug|Mixed Platforms.Build.0 = Debug|Win32
		{4F53F9A2-3B20-54AE-6439-42565065893C}.Debug|Win32.ActiveCfg = Debug|Win32
		{4F53F9A2-3B20-54AE-6439-42565065893C}.Debug|Win32.Build.0 = Debug|Win32
		{4F53F9A2-3B20-54AE-6439-42565065893C}.Debug|x64.ActiveCfg = Debug|Win32
		{4F53F9A2-3B20-54AE-6439-42565065893C}.Release|Any CPU.ActiveCfg = Release|Win32
		{4F53F9A2-3B20-54AE-6439-42565065893C}.Release|Mixed Platforms.ActiveCfg = Release|Win32
		{4F53F9A2-3B20-54AE-6439-42565065893C}.Release|Mixed Platforms.Build.0 = Release|Win32
		{4F53F9A2-3B20-54AE-6439-42565065893C}.Release|Win32.ActiveCfg = Release|Win32
		{4F53F9A2-3B20-54AE-6439-42565065893C}.Release|Win32.Build.0 = Release|Win32
		{4F53F9A2-3B20-54AE-6439-42565065893C}.Release|x64.ActiveCfg = Release|Win32
		{B9D559B5-A5A2-B4C0-CEBB-A268BAE7E94E}.Debug|Any CPU.ActiveCfg = Debug|Win32
		{B9D559B5-A5A2-B4C0-CEBB-A268BAE7E94E}.Debug|Mixed Platforms.ActiveCfg = Debug|Win32
		{B9D559B5-A5A2-B4C0-CEBB-A268BAE7E94E}.Debug|Mixed Platforms.Build.0 = Debug|Win32
		{B9D559B5-A5A2-B4C0-CEBB-A268BAE7E94E}.Debug|Win32.ActiveCfg = Debug|Win32
		{B9D559B5-A5A2-B4C0-CEBB-A268BAE7E94E}.Debug|Win32.Build.0 = Debug|Win32
		{B9D559B5-A5A2-B4C0-CEBB-A268BAE7E94E}.Debug|x64.ActiveCfg = Debug|Win32
		{B9D559B5-A5A2-B4C0-CEBB-A268BAE7E94E}.Release|Any CPU.ActiveCfg = Release|Win32
		{B9D559B5-A5A2-B4C0-CEBB-A268BAE7E94E}.Release|Mixed Platforms.ActiveCfg = Release|Win32
		{B9D559B5-A5A2-B4C0-CEBB-A268BAE7E94E}.Release|Mixed Platforms.Build.0 = Release|Win32
		{B9D559B5-A5A2-B4C0-CEBB-A268BAE7E94E}.Release|Win32.ActiveCfg = Release|Win32
		{B9D559B5-A5A2-B4C0-CEBB-A268BAE7E94E}.Release|Win32.Build.0 = Release|Win32
		{B9D559B5-A5A2-B4C0-CEBB-A268BAE7E94E}.Release|x64.ActiveCfg = Release|Win32
		{5A282DFC-5BF9-4F15-BC15-B54B580333CC}.Debug|Any CPU.ActiveCfg = Debug|Win32
		{5A282DFC-5BF9-4F15-BC15-B54B580333CC}.Debug|Mixed Platforms.ActiveCfg = Debug|Win32
		{5A282DFC-5BF9-4F15-BC15-B54B580333CC}.Debug|Mixed Platforms.Build.0 = Debug|Win32
		{5A282DFC-5BF9-4F15-BC15-B54B580333CC}.Debug|Win32.ActiveCfg = Debug|Win32
		{5A282DFC-5BF9-4F15-BC15-B54B580333CC}.Debug|Win32.Build.0 = Debug|Win32
		{5A282DFC-5BF9-4F15-BC15-B54B580333CC}.Debug|x64.ActiveCfg = Debug|Win32
		{5A282DFC-5BF9-4F15-BC15-B54B580333CC}.Release|Any CPU.ActiveCfg = Release|Win32
		{5A282DFC-5BF9-4F15-BC15-B54B580333CC}.Release|Mixed Platforms.ActiveCfg = Release|Win32
		{5A282DFC-5BF9-4F15-BC15-B54B580333CC}.Release|Mixed Platforms.Build.0 = Release|Win32
		{5A282DFC-5BF9-4F15-BC15-B54B580333CC}.Release|Win32.ActiveCfg = Release|Win32
		{5A282DFC-5BF9-4F15-BC15-B54B580333CC}.Release|Win32.Build.0 = Release|Win32
		{5A282DFC-5BF9-4F15-BC15-B54B580333CC}.Release|x64.ActiveCfg = Release|Win32
		{F73B546B-BC44-47A7-B808-4C8699835CB0}.Debug|Any CPU.ActiveCfg = Debug|Any CPU
		{F73B546B-BC44-47A7-B808-4C8699835CB0}.Debug|Any CPU.Build.0 = Debug|Any CPU
		{F73B546B-BC44-47A7-B808-4C8699835CB0}.Debug|Mixed Platforms.ActiveCfg = Debug|Any CPU
		{F73B546B-BC44-47A7-B808-4C8699835CB0}.Debug|Mixed Platforms.Build.0 = Debug|Any CPU
		{F73B546B-BC44-47A7-B808-4C8699835CB0}.Debug|Win32.ActiveCfg = Debug|Any CPU
		{F73B546B-BC44-47A7-B808-4C8699835CB0}.Debug|x64.ActiveCfg = Debug|Any CPU
		{F73B546B-BC44-47A7-B808-4C8699835CB0}.Release|Any CPU.ActiveCfg = Release|Any CPU
		{F73B546B-BC44-47A7-B808-4C8699835CB0}.Release|Any CPU.Build.0 = Release|Any CPU
		{F73B546B-BC44-47A7-B808-4C8699835CB0}.Release|Mixed Platforms.ActiveCfg = Release|Any CPU
		{F73B546B-BC44-47A7-B808-4C8699835CB0}.Release|Mixed Platforms.Build.0 = Release|Any CPU
		{F73B546B-BC44-47A7-B808-4C8699835CB0}.Release|Win32.ActiveCfg = Release|Any CPU
		{F73B546B-BC44-47A7-B808-4C8699835CB0}.Release|x64.ActiveCfg = Release|Any CPU
	EndGlobalSection
	GlobalSection(SolutionProperties) = preSolution
		HideSolutionNode = FALSE
	EndGlobalSection
	GlobalSection(NestedProjects) = preSolution
		{02E64519-66F5-4824-BCB6-1C81FC4552D9} = {A9DCEFFC-5912-439A-850D-2B2FEA991F0F}
		{8B9012F8-7E9F-49F0-A660-0BA6EA0D9957} = {A9DCEFFC-5912-439A-850D-2B2FEA991F0F}
		{D7C1EE22-43A1-6DBE-4CB9-F894B817D41F} = {1C65CAF4-2FC2-4CD9-A631-6DCA71590987}
		{01A6AF3B-6D85-2ED7-769D-B9ADE2FB9438} = {1C65CAF4-2FC2-4CD9-A631-6DCA71590987}
		{A498847C-90CF-850D-39BC-6B1025D2010F} = {1C65CAF4-2FC2-4CD9-A631-6DCA71590987}
		{785640B2-64F8-6A88-4DB3-7EDC39F4F1D8} = {1C65CAF4-2FC2-4CD9-A631-6DCA71590987}
		{E0EB9918-CCB8-F423-F5D1-E2CBE1FD29B2} = {1C65CAF4-2FC2-4CD9-A631-6DCA71590987}
		{AB1A7DE7-17FA-FB82-2012-87598C7062E4} = {1C65CAF4-2FC2-4CD9-A631-6DCA71590987}
		{D4717AA5-40DC-2E1C-891A-E0C1F5C30C71} = {1C65CAF4-2FC2-4CD9-A631-6DCA71590987}
		{D8BC3FFE-449C-BE99-4DB4-4970B91225FB} = {1C65CAF4-2FC2-4CD9-A631-6DCA71590987}
		{9F49F740-0B29-76DC-1441-01B3809FDC3D} = {1C65CAF4-2FC2-4CD9-A631-6DCA71590987}
		{F7861E63-6366-9DFE-6C7E-28D5D8DC0360} = {1C65CAF4-2FC2-4CD9-A631-6DCA71590987}
		{AD42F8CE-19AD-AC45-62EB-5DEBCE948A9A} = {1C65CAF4-2FC2-4CD9-A631-6DCA71590987}
		{4F53F9A2-3B20-54AE-6439-42565065893C} = {1C65CAF4-2FC2-4CD9-A631-6DCA71590987}
		{B9D559B5-A5A2-B4C0-CEBB-A268BAE7E94E} = {1C65CAF4-2FC2-4CD9-A631-6DCA71590987}
	EndGlobalSection
EndGlobal
