<?xml version="1.0" encoding="utf-8"?>
<Project ToolsVersion="4.0" xmlns="http://schemas.microsoft.com/developer/msbuild/2003">
  <ItemGroup>
    <ClInclude Include="include\WaveSabreVstLib.h" />
    <ClInclude Include="include\WaveSabreVstLib\ImageManager.h">
      <Filter>WaveSabreVstLib</Filter>
    </ClInclude>
    <ClInclude Include="include\WaveSabreVstLib\VstEditor.h">
      <Filter>WaveSabreVstLib</Filter>
    </ClInclude>
    <ClInclude Include="include\WaveSabreVstLib\VstPlug.h">
      <Filter>WaveSabreVstLib</Filter>
    </ClInclude>
    <ClInclude Include="include\WaveSabreVstLib\Common.h">
      <Filter>WaveSabreVstLib</Filter>
    </ClInclude>
    <ClInclude Include="..\Vst3.x\pluginterfaces\vst2.x\aeffect.h">
      <Filter>vst3.x\pluginterfaces\vst2.x</Filter>
    </ClInclude>
    <ClInclude Include="..\Vst3.x\pluginterfaces\vst2.x\aeffectx.h">
      <Filter>vst3.x\pluginterfaces\vst2.x</Filter>
    </ClInclude>
    <ClInclude Include="..\Vst3.x\pluginterfaces\vst2.x\vstfxstore.h">
      <Filter>vst3.x\pluginterfaces\vst2.x</Filter>
    </ClInclude>
    <ClInclude Include="..\Vst3.x\public.sdk\source\vst2.x\aeffeditor.h">
      <Filter>vst3.x\public.sdk\vst2.x</Filter>
    </ClInclude>
    <ClInclude Include="..\Vst3.x\public.sdk\source\vst2.x\audioeffect.h">
      <Filter>vst3.x\public.sdk\vst2.x</Filter>
    </ClInclude>
    <ClInclude Include="..\Vst3.x\public.sdk\source\vst2.x\audioeffectx.h">
      <Filter>vst3.x\public.sdk\vst2.x</Filter>
    </ClInclude>
    <ClInclude Include="..\Vst3.x\vstgui.sf\vstgui\aeffguieditor.h">
      <Filter>vst3.x\vstgui.sf</Filter>
    </ClInclude>
    <ClInclude Include="..\Vst3.x\vstgui.sf\vstgui\cfileselector.h">
      <Filter>vst3.x\vstgui.sf</Filter>
    </ClInclude>
    <ClInclude Include="..\Vst3.x\vstgui.sf\vstgui\vstcontrols.h">
      <Filter>vst3.x\vstgui.sf</Filter>
    </ClInclude>
    <ClInclude Include="..\Vst3.x\vstgui.sf\vstgui\vstgui.h">
      <Filter>vst3.x\vstgui.sf</Filter>
    </ClInclude>
    <ClInclude Include="..\Vst3.x\vstgui.sf\vstgui\vstguidebug.h">
      <Filter>vst3.x\vstgui.sf</Filter>
    </ClInclude>
    <ClInclude Include="..\Vst3.x\vstgui.sf\vstgui\vstkeycode.h">
      <Filter>vst3.x\vstgui.sf</Filter>
    </ClInclude>
    <ClInclude Include="..\Data\resource.h">
      <Filter>Data</Filter>
    </ClInclude>
    <ClInclude Include="..\Vst3.x\vstgui.sf\libpng\png.h">
      <Filter>vst3.x\libpng</Filter>
    </ClInclude>
    <ClInclude Include="..\Vst3.x\vstgui.sf\libpng\pngconf.h">
      <Filter>vst3.x\libpng</Filter>
    </ClInclude>
    <ClInclude Include="..\Vst3.x\vstgui.sf\zlib\crc32.h">
      <Filter>vst3.x\zlib</Filter>
    </ClInclude>
    <ClInclude Include="..\Vst3.x\vstgui.sf\zlib\deflate.h">
      <Filter>vst3.x\zlib</Filter>
    </ClInclude>
    <ClInclude Include="..\Vst3.x\vstgui.sf\zlib\inffast.h">
      <Filter>vst3.x\zlib</Filter>
    </ClInclude>
    <ClInclude Include="..\Vst3.x\vstgui.sf\zlib\inffixed.h">
      <Filter>vst3.x\zlib</Filter>
    </ClInclude>
    <ClInclude Include="..\Vst3.x\vstgui.sf\zlib\inflate.h">
      <Filter>vst3.x\zlib</Filter>
    </ClInclude>
    <ClInclude Include="..\Vst3.x\vstgui.sf\zlib\inftrees.h">
      <Filter>vst3.x\zlib</Filter>
    </ClInclude>
    <ClInclude Include="..\Vst3.x\vstgui.sf\zlib\trees.h">
      <Filter>vst3.x\zlib</Filter>
    </ClInclude>
    <ClInclude Include="..\Vst3.x\vstgui.sf\zlib\zconf.h">
      <Filter>vst3.x\zlib</Filter>
    </ClInclude>
    <ClInclude Include="..\Vst3.x\vstgui.sf\zlib\zlib.h">
      <Filter>vst3.x\zlib</Filter>
    </ClInclude>
    <ClInclude Include="..\Vst3.x\vstgui.sf\zlib\zutil.h">
      <Filter>vst3.x\zlib</Filter>
    </ClInclude>
    <ClInclude Include="include\WaveSabreVstLib\NoTextCOptionMenu.h">
      <Filter>WaveSabreVstLib</Filter>
    </ClInclude>
  </ItemGroup>
  <ItemGroup>
    <Filter Include="WaveSabreVstLib">
      <UniqueIdentifier>{f1a36969-b84c-43db-a3d9-9f48a67ac568}</UniqueIdentifier>
    </Filter>
    <Filter Include="vst3.x">
      <UniqueIdentifier>{10fae5db-1a17-43d4-ad2b-c20198d57383}</UniqueIdentifier>
    </Filter>
    <Filter Include="vst3.x\pluginterfaces">
      <UniqueIdentifier>{3fc8a8a2-8cad-4a88-9e56-2ddc97332624}</UniqueIdentifier>
    </Filter>
    <Filter Include="vst3.x\pluginterfaces\vst2.x">
      <UniqueIdentifier>{7b8bdde6-019e-4ee9-b68e-4e4716b89a0f}</UniqueIdentifier>
    </Filter>
    <Filter Include="vst3.x\public.sdk">
      <UniqueIdentifier>{e09e7caa-0b17-493b-8c14-e3e4e1708b29}</UniqueIdentifier>
    </Filter>
    <Filter Include="vst3.x\public.sdk\vst2.x">
      <UniqueIdentifier>{baef78d5-390a-4ab0-8df2-b840a41abc9e}</UniqueIdentifier>
    </Filter>
    <Filter Include="vst3.x\vstgui.sf">
      <UniqueIdentifier>{29af1228-7aaf-4289-badb-1069d6894abc}</UniqueIdentifier>
    </Filter>
    <Filter Include="Data">
      <UniqueIdentifier>{532263c0-a05b-44b2-8adc-b8fbb2695fa7}</UniqueIdentifier>
    </Filter>
    <Filter Include="vst3.x\libpng">
      <UniqueIdentifier>{529c7e74-cba1-4551-bc99-682fbc6dca5e}</UniqueIdentifier>
    </Filter>
    <Filter Include="vst3.x\zlib">
      <UniqueIdentifier>{26812b95-5b59-44e4-b5ac-49ef16537697}</UniqueIdentifier>
    </Filter>
  </ItemGroup>
  <ItemGroup>
    <ClCompile Include="src\ImageManager.cpp">
      <Filter>WaveSabreVstLib</Filter>
    </ClCompile>
    <ClCompile Include="src\VstEditor.cpp">
      <Filter>WaveSabreVstLib</Filter>
    </ClCompile>
    <ClCompile Include="src\VstPlug.cpp">
      <Filter>WaveSabreVstLib</Filter>
    </ClCompile>
    <ClCompile Include="..\Vst3.x\public.sdk\source\vst2.x\audioeffect.cpp">
      <Filter>vst3.x\public.sdk\vst2.x</Filter>
    </ClCompile>
    <ClCompile Include="..\Vst3.x\public.sdk\source\vst2.x\audioeffectx.cpp">
      <Filter>vst3.x\public.sdk\vst2.x</Filter>
    </ClCompile>
    <ClCompile Include="..\Vst3.x\public.sdk\source\vst2.x\vstplugmain.cpp">
      <Filter>vst3.x\public.sdk\vst2.x</Filter>
    </ClCompile>
    <ClCompile Include="..\Vst3.x\vstgui.sf\vstgui\aeffguieditor.cpp">
      <Filter>vst3.x\vstgui.sf</Filter>
    </ClCompile>
    <ClCompile Include="..\Vst3.x\vstgui.sf\vstgui\cfileselector.cpp">
      <Filter>vst3.x\vstgui.sf</Filter>
    </ClCompile>
    <ClCompile Include="..\Vst3.x\vstgui.sf\vstgui\vstcontrols.cpp">
      <Filter>vst3.x\vstgui.sf</Filter>
    </ClCompile>
    <ClCompile Include="..\Vst3.x\vstgui.sf\vstgui\vstgui.cpp">
      <Filter>vst3.x\vstgui.sf</Filter>
    </ClCompile>
    <ClCompile Include="..\Vst3.x\vstgui.sf\vstgui\vstguidebug.cpp">
      <Filter>vst3.x\vstgui.sf</Filter>
    </ClCompile>
    <ClCompile Include="..\Vst3.x\vstgui.sf\libpng\example.c">
      <Filter>vst3.x\libpng</Filter>
    </ClCompile>
    <ClCompile Include="..\Vst3.x\vstgui.sf\libpng\png.c">
      <Filter>vst3.x\libpng</Filter>
    </ClCompile>
    <ClCompile Include="..\Vst3.x\vstgui.sf\libpng\pngerror.c">
      <Filter>vst3.x\libpng</Filter>
    </ClCompile>
    <ClCompile Include="..\Vst3.x\vstgui.sf\libpng\pnggccrd.c">
      <Filter>vst3.x\libpng</Filter>
    </ClCompile>
    <ClCompile Include="..\Vst3.x\vstgui.sf\libpng\pngget.c">
      <Filter>vst3.x\libpng</Filter>
    </ClCompile>
    <ClCompile Include="..\Vst3.x\vstgui.sf\libpng\pngmem.c">
      <Filter>vst3.x\libpng</Filter>
    </ClCompile>
    <ClCompile Include="..\Vst3.x\vstgui.sf\libpng\pngpread.c">
      <Filter>vst3.x\libpng</Filter>
    </ClCompile>
    <ClCompile Include="..\Vst3.x\vstgui.sf\libpng\pngread.c">
      <Filter>vst3.x\libpng</Filter>
    </ClCompile>
    <ClCompile Include="..\Vst3.x\vstgui.sf\libpng\pngrio.c">
      <Filter>vst3.x\libpng</Filter>
    </ClCompile>
    <ClCompile Include="..\Vst3.x\vstgui.sf\libpng\pngrtran.c">
      <Filter>vst3.x\libpng</Filter>
    </ClCompile>
    <ClCompile Include="..\Vst3.x\vstgui.sf\libpng\pngrutil.c">
      <Filter>vst3.x\libpng</Filter>
    </ClCompile>
    <ClCompile Include="..\Vst3.x\vstgui.sf\libpng\pngset.c">
      <Filter>vst3.x\libpng</Filter>
    </ClCompile>
    <ClCompile Include="..\Vst3.x\vstgui.sf\libpng\pngtest.c">
      <Filter>vst3.x\libpng</Filter>
    </ClCompile>
    <ClCompile Include="..\Vst3.x\vstgui.sf\libpng\pngtrans.c">
      <Filter>vst3.x\libpng</Filter>
    </ClCompile>
    <ClCompile Include="..\Vst3.x\vstgui.sf\libpng\pngvcrd.c">
      <Filter>vst3.x\libpng</Filter>
    </ClCompile>
    <ClCompile Include="..\Vst3.x\vstgui.sf\libpng\pngwio.c">
      <Filter>vst3.x\libpng</Filter>
    </ClCompile>
    <ClCompile Include="..\Vst3.x\vstgui.sf\libpng\pngwrite.c">
      <Filter>vst3.x\libpng</Filter>
    </ClCompile>
    <ClCompile Include="..\Vst3.x\vstgui.sf\libpng\pngwtran.c">
      <Filter>vst3.x\libpng</Filter>
    </ClCompile>
    <ClCompile Include="..\Vst3.x\vstgui.sf\libpng\pngwutil.c">
      <Filter>vst3.x\libpng</Filter>
    </ClCompile>
    <ClCompile Include="..\Vst3.x\vstgui.sf\zlib\adler32.c">
      <Filter>vst3.x\zlib</Filter>
    </ClCompile>
    <ClCompile Include="..\Vst3.x\vstgui.sf\zlib\compress.c">
      <Filter>vst3.x\zlib</Filter>
    </ClCompile>
    <ClCompile Include="..\Vst3.x\vstgui.sf\zlib\crc32.c">
      <Filter>vst3.x\zlib</Filter>
    </ClCompile>
    <ClCompile Include="..\Vst3.x\vstgui.sf\zlib\deflate.c">
      <Filter>vst3.x\zlib</Filter>
    </ClCompile>
    <ClCompile Include="..\Vst3.x\vstgui.sf\zlib\example.c">
      <Filter>vst3.x\zlib</Filter>
    </ClCompile>
    <ClCompile Include="..\Vst3.x\vstgui.sf\zlib\gzio.c">
      <Filter>vst3.x\zlib</Filter>
    </ClCompile>
    <ClCompile Include="..\Vst3.x\vstgui.sf\zlib\infback.c">
      <Filter>vst3.x\zlib</Filter>
    </ClCompile>
    <ClCompile Include="..\Vst3.x\vstgui.sf\zlib\inffast.c">
      <Filter>vst3.x\zlib</Filter>
    </ClCompile>
    <ClCompile Include="..\Vst3.x\vstgui.sf\zlib\inflate.c">
      <Filter>vst3.x\zlib</Filter>
    </ClCompile>
    <ClCompile Include="..\Vst3.x\vstgui.sf\zlib\inftrees.c">
      <Filter>vst3.x\zlib</Filter>
    </ClCompile>
    <ClCompile Include="..\Vst3.x\vstgui.sf\zlib\minigzip.c">
      <Filter>vst3.x\zlib</Filter>
    </ClCompile>
    <ClCompile Include="..\Vst3.x\vstgui.sf\zlib\trees.c">
      <Filter>vst3.x\zlib</Filter>
    </ClCompile>
    <ClCompile Include="..\Vst3.x\vstgui.sf\zlib\uncompr.c">
      <Filter>vst3.x\zlib</Filter>
    </ClCompile>
    <ClCompile Include="..\Vst3.x\vstgui.sf\zlib\zutil.c">
      <Filter>vst3.x\zlib</Filter>
    </ClCompile>
    <ClCompile Include="src\NoTextCOptionMenu.cpp">
      <Filter>WaveSabreVstLib</Filter>
    </ClCompile>
  </ItemGroup>
  <ItemGroup>
    <Image Include="..\Data\background.png">
      <Filter>Data</Filter>
    </Image>
    <Image Include="..\Data\knob1.png">
      <Filter>Data</Filter>
    </Image>
    <Image Include="..\Data\tinybutton.png">
      <Filter>Data</Filter>
    </Image>
    <Image Include="..\Data\optionmenu-pressed.png">
      <Filter>Data</Filter>
    </Image>
    <Image Include="..\Data\optionmenu-unpressed.png">
      <Filter>Data</Filter>
    </Image>
  </ItemGroup>
  <ItemGroup>
    <ResourceCompile Include="..\Data\data.rc">
      <Filter>Data</Filter>
    </ResourceCompile>
  </ItemGroup>
</Project>