<?xml version="1.0" encoding="utf-8"?>
<Project ToolsVersion="4.0" xmlns="http://schemas.microsoft.com/developer/msbuild/2003">
  <ItemGroup>
    <Filter Include="WaveSabrePlayerLib">
      <UniqueIdentifier>{d94c7111-a8e3-431d-b8e2-72beb6da8072}</UniqueIdentifier>
    </Filter>
  </ItemGroup>
  <ItemGroup>
    <ClInclude Include="include\WaveSabrePlayerLib.h" />
    <ClInclude Include="include\WaveSabrePlayerLib\SongRenderer.h">
      <Filter>WaveSabrePlayerLib</Filter>
    </ClInclude>
    <ClInclude Include="include\WaveSabrePlayerLib\WavWriter.h">
      <Filter>WaveSabrePlayerLib</Filter>
    </ClInclude>
    <ClInclude Include="include\WaveSabrePlayerLib\PreRenderPlayer.h">
      <Filter>WaveSabrePlayerLib</Filter>
    </ClInclude>
    <ClInclude Include="include\WaveSabrePlayerLib\DirectSoundRenderThread.h">
      <Filter>WaveSabrePlayerLib</Filter>
    </ClInclude>
    <ClInclude Include="include\WaveSabrePlayerLib\RealtimePlayer.h">
      <Filter>WaveSabrePlayerLib</Filter>
    </ClInclude>
    <ClInclude Include="include\WaveSabrePlayerLib\IPlayer.h">
      <Filter>WaveSabrePlayerLib</Filter>
    </ClInclude>
  </ItemGroup>
  <ItemGroup>
    <ClCompile Include="src\SongRenderer.cpp">
      <Filter>WaveSabrePlayerLib</Filter>
    </ClCompile>
    <ClCompile Include="src\WavWriter.cpp">
      <Filter>WaveSabrePlayerLib</Filter>
    </ClCompile>
    <ClCompile Include="src\SongRenderer.Track.cpp">
      <Filter>WaveSabrePlayerLib</Filter>
    </ClCompile>
    <ClCompile Include="src\PreRenderPlayer.cpp">
      <Filter>WaveSabrePlayerLib</Filter>
    </ClCompile>
    <ClCompile Include="src\DirectSoundRenderThread.cpp">
      <Filter>WaveSabrePlayerLib</Filter>
    </ClCompile>
    <ClCompile Include="src\RealtimePlayer.cpp">
      <Filter>WaveSabrePlayerLib</Filter>
    </ClCompile>
    <ClCompile Include="src\IPlayer.cpp">
      <Filter>WaveSabrePlayerLib</Filter>
    </ClCompile>
  </ItemGroup>
</Project>